# This file is autogenerated, do not edit; changes may be undone by the next 'dep ensure'.


[[projects]]
  branch = "master"
  digest = "1:54b359cc2b234592900b10dabdabd9e6995eeb812fe0c404f0c92981b574c621"
  name = "github.com/huin/mqtt"
  packages = ["."]
  pruneopts = "UT"
  revision = "c2d0e7ca9387fcfe29274b4b32ac80798d57ad4d"

[[projects]]
  branch = "master"
  digest = "1:62737c77426b1784408f1908fb6aab50bdb1732396489a79b03c655643b0f4b2"
  name = "github.com/jacobsa/go-serial"
  packages = ["serial"]
  pruneopts = "UT"
  revision = "15cf729a72d49e837fa047a4142fa6e4d5ab45a1"

[[projects]]
  branch = "master"
  digest = "1:30e6205ec53eef5933fefc53b929dbe5adf129d393a8f67e37a4912c56e5224c"
  name = "github.com/jeffallen/mqtt"
  packages = ["."]
  pruneopts = "UT"
  revision = "5387cfa89df03a54fd8791e873878cc7ad9ec021"

[[projects]]
  branch = "master"
  digest = "1:efaeaf7e03393d54963ece1e4c1866915d712a07adf4be8ea8105a67e3418e8f"
  name = "golang.org/x/sys"
  packages = ["unix"]
  pruneopts = "UT"
  revision = "ef0ce1748380fdf001bd0ff86a45329a12945357"

[solve-meta]
  analyzer-name = "dep"
  analyzer-version = 1
  input-imports = [
    "github.com/huin/mqtt",
    "github.com/jacobsa/go-serial/serial",
    "github.com/jeffallen/mqtt"
  ]
  solver-name = "gps-cdcl"
  solver-version = 1
